
Microsoft Visual Studio Solution File, Format Version 12.00
# Visual Studio Version 17
VisualStudioVersion = 17.3.32819.101
MinimumVisualStudioVersion = 10.0.40219.1
Project("{FAE04EC0-301F-11D3-BF4B-00C04F79EFBC}") = "ArrayListLecture", "ArrayListLecture\ArrayListLecture.csproj", "{0A69E0C4-33CA-400E-A401-F8198E6C91D7}"
EndProject
Global
	GlobalSection(SolutionConfigurationPlatforms) = preSolution
		Debug|Any CPU = Debug|Any CPU
		Release|Any CPU = Release|Any CPU
	EndGlobalSection
	GlobalSection(ProjectConfigurationPlatforms) = postSolution
		{0A69E0C4-33CA-400E-A401-F8198E6C91D7}.Debug|Any CPU.ActiveCfg = Debug|Any CPU
		{0A69E0C4-33CA-400E-A401-F8198E6C91D7}.Debug|Any CPU.Build.0 = Debug|Any CPU
		{0A69E0C4-33CA-400E-A401-F8198E6C91D7}.Release|Any CPU.ActiveCfg = Release|Any CPU
		{0A69E0C4-33CA-400E-A401-F8198E6C91D7}.Release|Any CPU.Build.0 = Release|Any CPU
	EndGlobalSection
	GlobalSection(SolutionProperties) = preSolution
		HideSolutionNode = FALSE
	EndGlobalSection
	GlobalSection(ExtensibilityGlobals) = postSolution
		SolutionGuid = {0EB109C3-540B-4FCF-9DEC-A5C0702C3BDC}
	EndGlobalSection
EndGlobal
